
Microsoft Visual Studio Solution File, Format Version 12.00
# Visual Studio Version 16
VisualStudioVersion = 16.0.29806.167
MinimumVisualStudioVersion = 10.0.40219.1
Project("{FAE04EC0-301F-11D3-BF4B-00C04F79EFBC}") = "PdfParser", "PdfParser.csproj", "{45E79371-5912-4E3D-9072-721212300202}"
EndProject
Global
	GlobalSection(SolutionConfigurationPlatforms) = preSolution
		Debug|Any CPU = Debug|Any CPU
		Release|Any CPU = Release|Any CPU
	EndGlobalSection
	GlobalSection(ProjectConfigurationPlatforms) = postSolution
		{45E79371-5912-4E3D-9072-721212300202}.Debug|Any CPU.ActiveCfg = Debug|Any CPU
		{45E79371-5912-4E3D-9072-721212300202}.Debug|Any CPU.Build.0 = Debug|Any CPU
		{45E79371-5912-4E3D-9072-721212300202}.Release|Any CPU.ActiveCfg = Release|Any CPU
		{45E79371-5912-4E3D-9072-721212300202}.Release|Any CPU.Build.0 = Release|Any CPU
	EndGlobalSection
	GlobalSection(SolutionProperties) = preSolution
		HideSolutionNode = FALSE
	EndGlobalSection
	GlobalSection(ExtensibilityGlobals) = postSolution
		SolutionGuid = {F929FFC8-EB15-400E-87D1-F82A2659BE17}
	EndGlobalSection
EndGlobal
